
Microsoft Visual Studio Solution File, Format Version 12.00
# Visual Studio 15
VisualStudioVersion = 15.0.27428.2015
MinimumVisualStudioVersion = 10.0.40219.1
Project("{888888A0-9F3D-457C-B088-3A5042F75D52}") = "FIEK_UDP_Klienti", "FIEK_UDP_Klienti\FIEK_UDP_Klienti.pyproj", "{ADE21678-9117-4CF1-BCFC-F22A8B647F2E}"
EndProject
Global
	GlobalSection(SolutionConfigurationPlatforms) = preSolution
		Debug|Any CPU = Debug|Any CPU
		Release|Any CPU = Release|Any CPU
	EndGlobalSection
	GlobalSection(ProjectConfigurationPlatforms) = postSolution
		{ADE21678-9117-4CF1-BCFC-F22A8B647F2E}.Debug|Any CPU.ActiveCfg = Debug|Any CPU
		{ADE21678-9117-4CF1-BCFC-F22A8B647F2E}.Release|Any CPU.ActiveCfg = Release|Any CPU
	EndGlobalSection
	GlobalSection(SolutionProperties) = preSolution
		HideSolutionNode = FALSE
	EndGlobalSection
	GlobalSection(ExtensibilityGlobals) = postSolution
		SolutionGuid = {2837D5FB-39A3-45B3-9325-350F6724CD3C}
	EndGlobalSection
EndGlobal
