
Microsoft Visual Studio Solution File, Format Version 12.00
# Visual Studio 15
VisualStudioVersion = 15.0.27130.2036
MinimumVisualStudioVersion = 10.0.40219.1
Project("{888888A0-9F3D-457C-B088-3A5042F75D52}") = "FIEK_TCP-Klienti", "FIEK_TCP-Klienti\FIEK_TCP-Klienti.pyproj", "{D32694AB-8FFF-41B7-B0E2-9DC351122BC8}"
EndProject
Global
	GlobalSection(SolutionConfigurationPlatforms) = preSolution
		Debug|Any CPU = Debug|Any CPU
		Release|Any CPU = Release|Any CPU
	EndGlobalSection
	GlobalSection(ProjectConfigurationPlatforms) = postSolution
		{D32694AB-8FFF-41B7-B0E2-9DC351122BC8}.Debug|Any CPU.ActiveCfg = Debug|Any CPU
		{D32694AB-8FFF-41B7-B0E2-9DC351122BC8}.Release|Any CPU.ActiveCfg = Release|Any CPU
	EndGlobalSection
	GlobalSection(SolutionProperties) = preSolution
		HideSolutionNode = FALSE
	EndGlobalSection
	GlobalSection(ExtensibilityGlobals) = postSolution
		SolutionGuid = {F763D7D4-6FDD-4EBC-BED5-8CB4EED2265E}
	EndGlobalSection
EndGlobal
